// !$*UTF8*$!
{
	archiveVersion = 1;
	classes = {
	};
	objectVersion = 50;
	objects = {

/* Begin PBXBuildFile section */
		1E369E5025B2039500EDE123 /* AppDelegate.swift in Sources */ = {isa = PBXBuildFile; fileRef = 1E369E4F25B2039500EDE123 /* AppDelegate.swift */; };
		1E369E5225B2039500EDE123 /* SceneDelegate.swift in Sources */ = {isa = PBXBuildFile; fileRef = 1E369E5125B2039500EDE123 /* SceneDelegate.swift */; };
		1E369E5725B2039500EDE123 /* Main.storyboard in Resources */ = {isa = PBXBuildFile; fileRef = 1E369E5525B2039500EDE123 /* Main.storyboard */; };
		1E369E5925B2039900EDE123 /* Assets.xcassets in Resources */ = {isa = PBXBuildFile; fileRef = 1E369E5825B2039900EDE123 /* Assets.xcassets */; };
		1E369E5C25B2039900EDE123 /* LaunchScreen.storyboard in Resources */ = {isa = PBXBuildFile; fileRef = 1E369E5A25B2039900EDE123 /* LaunchScreen.storyboard */; };
		1E369E6725B2039900EDE123 /* ten_thousand_timerTests.swift in Sources */ = {isa = PBXBuildFile; fileRef = 1E369E6625B2039900EDE123 /* ten_thousand_timerTests.swift */; };
		1E369E7225B2039900EDE123 /* ten_thousand_timerUITests.swift in Sources */ = {isa = PBXBuildFile; fileRef = 1E369E7125B2039900EDE123 /* ten_thousand_timerUITests.swift */; };
		1EF62A0725B2D8C600333E61 /* TimerViewController.swift in Sources */ = {isa = PBXBuildFile; fileRef = 1EF62A0625B2D8C600333E61 /* TimerViewController.swift */; };
		3390F19CFBC9A9FA72E42542 /* Pods_ten_thousand_timerTests.framework in Frameworks */ = {isa = PBXBuildFile; fileRef = 6CDA95AC14DC9903A73D8889 /* Pods_ten_thousand_timerTests.framework */; };
		C972DB2A0B7395DF7F428F0C /* Pods_ten_thousand_timer.framework in Frameworks */ = {isa = PBXBuildFile; fileRef = 70C7CC145526F721FCA66383 /* Pods_ten_thousand_timer.framework */; };
		F0019CF6A3B3615BA2B25742 /* Pods_ten_thousand_timer_ten_thousand_timerUITests.framework in Frameworks */ = {isa = PBXBuildFile; fileRef = 3FE788BFB5295F30F91B654C /* Pods_ten_thousand_timer_ten_thousand_timerUITests.framework */; };
/* End PBXBuildFile section */

/* Begin PBXContainerItemProxy section */
		1E369E6325B2039900EDE123 /* PBXContainerItemProxy */ = {
			isa = PBXContainerItemProxy;
			containerPortal = 1E369E4425B2039500EDE123 /* Project object */;
			proxyType = 1;
			remoteGlobalIDString = 1E369E4B25B2039500EDE123;
			remoteInfo = "ten-thousand-timer";
		};
		1E369E6E25B2039900EDE123 /* PBXContainerItemProxy */ = {
			isa = PBXContainerItemProxy;
			containerPortal = 1E369E4425B2039500EDE123 /* Project object */;
			proxyType = 1;
			remoteGlobalIDString = 1E369E4B25B2039500EDE123;
			remoteInfo = "ten-thousand-timer";
		};
/* End PBXContainerItemProxy section */

/* Begin PBXFileReference section */
		039C48514DB9B10B803262E0 /* Pods-ten-thousand-timer-ten-thousand-timerUITests.debug.xcconfig */ = {isa = PBXFileReference; includeInIndex = 1; lastKnownFileType = text.xcconfig; name = "Pods-ten-thousand-timer-ten-thousand-timerUITests.debug.xcconfig"; path = "Target Support Files/Pods-ten-thousand-timer-ten-thousand-timerUITests/Pods-ten-thousand-timer-ten-thousand-timerUITests.debug.xcconfig"; sourceTree = "<group>"; };
		1E369E4C25B2039500EDE123 /* ten-thousand-timer.app */ = {isa = PBXFileReference; explicitFileType = wrapper.application; includeInIndex = 0; path = "ten-thousand-timer.app"; sourceTree = BUILT_PRODUCTS_DIR; };
		1E369E4F25B2039500EDE123 /* AppDelegate.swift */ = {isa = PBXFileReference; lastKnownFileType = sourcecode.swift; path = AppDelegate.swift; sourceTree = "<group>"; };
		1E369E5125B2039500EDE123 /* SceneDelegate.swift */ = {isa = PBXFileReference; lastKnownFileType = sourcecode.swift; path = SceneDelegate.swift; sourceTree = "<group>"; };
		1E369E5625B2039500EDE123 /* Base */ = {isa = PBXFileReference; lastKnownFileType = file.storyboard; name = Base; path = Base.lproj/Main.storyboard; sourceTree = "<group>"; };
		1E369E5825B2039900EDE123 /* Assets.xcassets */ = {isa = PBXFileReference; lastKnownFileType = folder.assetcatalog; path = Assets.xcassets; sourceTree = "<group>"; };
		1E369E5B25B2039900EDE123 /* Base */ = {isa = PBXFileReference; lastKnownFileType = file.storyboard; name = Base; path = Base.lproj/LaunchScreen.storyboard; sourceTree = "<group>"; };
		1E369E5D25B2039900EDE123 /* Info.plist */ = {isa = PBXFileReference; lastKnownFileType = text.plist.xml; path = Info.plist; sourceTree = "<group>"; };
		1E369E6225B2039900EDE123 /* ten-thousand-timerTests.xctest */ = {isa = PBXFileReference; explicitFileType = wrapper.cfbundle; includeInIndex = 0; path = "ten-thousand-timerTests.xctest"; sourceTree = BUILT_PRODUCTS_DIR; };
		1E369E6625B2039900EDE123 /* ten_thousand_timerTests.swift */ = {isa = PBXFileReference; lastKnownFileType = sourcecode.swift; path = ten_thousand_timerTests.swift; sourceTree = "<group>"; };
		1E369E6825B2039900EDE123 /* Info.plist */ = {isa = PBXFileReference; lastKnownFileType = text.plist.xml; path = Info.plist; sourceTree = "<group>"; };
		1E369E6D25B2039900EDE123 /* ten-thousand-timerUITests.xctest */ = {isa = PBXFileReference; explicitFileType = wrapper.cfbundle; includeInIndex = 0; path = "ten-thousand-timerUITests.xctest"; sourceTree = BUILT_PRODUCTS_DIR; };
		1E369E7125B2039900EDE123 /* ten_thousand_timerUITests.swift */ = {isa = PBXFileReference; lastKnownFileType = sourcecode.swift; path = ten_thousand_timerUITests.swift; sourceTree = "<group>"; };
		1E369E7325B2039900EDE123 /* Info.plist */ = {isa = PBXFileReference; lastKnownFileType = text.plist.xml; path = Info.plist; sourceTree = "<group>"; };
		1EF62A0625B2D8C600333E61 /* TimerViewController.swift */ = {isa = PBXFileReference; lastKnownFileType = sourcecode.swift; path = TimerViewController.swift; sourceTree = "<group>"; };
		2001D9A51361BC79DE5AF459 /* Pods-ten-thousand-timerTests.release.xcconfig */ = {isa = PBXFileReference; includeInIndex = 1; lastKnownFileType = text.xcconfig; name = "Pods-ten-thousand-timerTests.release.xcconfig"; path = "Target Support Files/Pods-ten-thousand-timerTests/Pods-ten-thousand-timerTests.release.xcconfig"; sourceTree = "<group>"; };
		3FE788BFB5295F30F91B654C /* Pods_ten_thousand_timer_ten_thousand_timerUITests.framework */ = {isa = PBXFileReference; explicitFileType = wrapper.framework; includeInIndex = 0; path = Pods_ten_thousand_timer_ten_thousand_timerUITests.framework; sourceTree = BUILT_PRODUCTS_DIR; };
		6CDA95AC14DC9903A73D8889 /* Pods_ten_thousand_timerTests.framework */ = {isa = PBXFileReference; explicitFileType = wrapper.framework; includeInIndex = 0; path = Pods_ten_thousand_timerTests.framework; sourceTree = BUILT_PRODUCTS_DIR; };
		70C7CC145526F721FCA66383 /* Pods_ten_thousand_timer.framework */ = {isa = PBXFileReference; explicitFileType = wrapper.framework; includeInIndex = 0; path = Pods_ten_thousand_timer.framework; sourceTree = BUILT_PRODUCTS_DIR; };
		93ECABB3AF2F0F9F2093AF44 /* Pods-ten-thousand-timer.release.xcconfig */ = {isa = PBXFileReference; includeInIndex = 1; lastKnownFileType = text.xcconfig; name = "Pods-ten-thousand-timer.release.xcconfig"; path = "Target Support Files/Pods-ten-thousand-timer/Pods-ten-thousand-timer.release.xcconfig"; sourceTree = "<group>"; };
		A318225B82703832548D4CFA /* Pods-ten-thousand-timer-ten-thousand-timerUITests.release.xcconfig */ = {isa = PBXFileReference; includeInIndex = 1; lastKnownFileType = text.xcconfig; name = "Pods-ten-thousand-timer-ten-thousand-timerUITests.release.xcconfig"; path = "Target Support Files/Pods-ten-thousand-timer-ten-thousand-timerUITests/Pods-ten-thousand-timer-ten-thousand-timerUITests.release.xcconfig"; sourceTree = "<group>"; };
		CE69FCA5294F971143B5EACC /* Pods-ten-thousand-timer.debug.xcconfig */ = {isa = PBXFileReference; includeInIndex = 1; lastKnownFileType = text.xcconfig; name = "Pods-ten-thousand-timer.debug.xcconfig"; path = "Target Support Files/Pods-ten-thousand-timer/Pods-ten-thousand-timer.debug.xcconfig"; sourceTree = "<group>"; };
		F64004640B34F6661CB7FF55 /* Pods-ten-thousand-timerTests.debug.xcconfig */ = {isa = PBXFileReference; includeInIndex = 1; lastKnownFileType = text.xcconfig; name = "Pods-ten-thousand-timerTests.debug.xcconfig"; path = "Target Support Files/Pods-ten-thousand-timerTests/Pods-ten-thousand-timerTests.debug.xcconfig"; sourceTree = "<group>"; };
/* End PBXFileReference section */

/* Begin PBXFrameworksBuildPhase section */
		1E369E4925B2039500EDE123 /* Frameworks */ = {
			isa = PBXFrameworksBuildPhase;
			buildActionMask = 2147483647;
			files = (
				C972DB2A0B7395DF7F428F0C /* Pods_ten_thousand_timer.framework in Frameworks */,
			);
			runOnlyForDeploymentPostprocessing = 0;
		};
		1E369E5F25B2039900EDE123 /* Frameworks */ = {
			isa = PBXFrameworksBuildPhase;
			buildActionMask = 2147483647;
			files = (
				3390F19CFBC9A9FA72E42542 /* Pods_ten_thousand_timerTests.framework in Frameworks */,
			);
			runOnlyForDeploymentPostprocessing = 0;
		};
		1E369E6A25B2039900EDE123 /* Frameworks */ = {
			isa = PBXFrameworksBuildPhase;
			buildActionMask = 2147483647;
			files = (
				F0019CF6A3B3615BA2B25742 /* Pods_ten_thousand_timer_ten_thousand_timerUITests.framework in Frameworks */,
			);
			runOnlyForDeploymentPostprocessing = 0;
		};
/* End PBXFrameworksBuildPhase section */

/* Begin PBXGroup section */
		1E369E4325B2039500EDE123 = {
			isa = PBXGroup;
			children = (
				1E369E4E25B2039500EDE123 /* ten-thousand-timer */,
				1E369E6525B2039900EDE123 /* ten-thousand-timerTests */,
				1E369E7025B2039900EDE123 /* ten-thousand-timerUITests */,
				1E369E4D25B2039500EDE123 /* Products */,
				CC64DAF8F7821AD5F1E1EBFC /* Pods */,
				54D3390285C99502320C12AD /* Frameworks */,
			);
			sourceTree = "<group>";
		};
		1E369E4D25B2039500EDE123 /* Products */ = {
			isa = PBXGroup;
			children = (
				1E369E4C25B2039500EDE123 /* ten-thousand-timer.app */,
				1E369E6225B2039900EDE123 /* ten-thousand-timerTests.xctest */,
				1E369E6D25B2039900EDE123 /* ten-thousand-timerUITests.xctest */,
			);
			name = Products;
			sourceTree = "<group>";
		};
		1E369E4E25B2039500EDE123 /* ten-thousand-timer */ = {
			isa = PBXGroup;
			children = (
				1E369E4F25B2039500EDE123 /* AppDelegate.swift */,
				1E369E5125B2039500EDE123 /* SceneDelegate.swift */,
				1E369E5525B2039500EDE123 /* Main.storyboard */,
				1EF62A0625B2D8C600333E61 /* TimerViewController.swift */,
				1E369E5825B2039900EDE123 /* Assets.xcassets */,
				1E369E5A25B2039900EDE123 /* LaunchScreen.storyboard */,
				1E369E5D25B2039900EDE123 /* Info.plist */,
			);
			path = "ten-thousand-timer";
			sourceTree = "<group>";
		};
		1E369E6525B2039900EDE123 /* ten-thousand-timerTests */ = {
			isa = PBXGroup;
			children = (
				1E369E6625B2039900EDE123 /* ten_thousand_timerTests.swift */,
				1E369E6825B2039900EDE123 /* Info.plist */,
			);
			path = "ten-thousand-timerTests";
			sourceTree = "<group>";
		};
		1E369E7025B2039900EDE123 /* ten-thousand-timerUITests */ = {
			isa = PBXGroup;
			children = (
				1E369E7125B2039900EDE123 /* ten_thousand_timerUITests.swift */,
				1E369E7325B2039900EDE123 /* Info.plist */,
			);
			path = "ten-thousand-timerUITests";
			sourceTree = "<group>";
		};
		54D3390285C99502320C12AD /* Frameworks */ = {
			isa = PBXGroup;
			children = (
				70C7CC145526F721FCA66383 /* Pods_ten_thousand_timer.framework */,
				3FE788BFB5295F30F91B654C /* Pods_ten_thousand_timer_ten_thousand_timerUITests.framework */,
				6CDA95AC14DC9903A73D8889 /* Pods_ten_thousand_timerTests.framework */,
			);
			name = Frameworks;
			sourceTree = "<group>";
		};
		CC64DAF8F7821AD5F1E1EBFC /* Pods */ = {
			isa = PBXGroup;
			children = (
				CE69FCA5294F971143B5EACC /* Pods-ten-thousand-timer.debug.xcconfig */,
				93ECABB3AF2F0F9F2093AF44 /* Pods-ten-thousand-timer.release.xcconfig */,
				039C48514DB9B10B803262E0 /* Pods-ten-thousand-timer-ten-thousand-timerUITests.debug.xcconfig */,
				A318225B82703832548D4CFA /* Pods-ten-thousand-timer-ten-thousand-timerUITests.release.xcconfig */,
				F64004640B34F6661CB7FF55 /* Pods-ten-thousand-timerTests.debug.xcconfig */,
				2001D9A51361BC79DE5AF459 /* Pods-ten-thousand-timerTests.release.xcconfig */,
			);
			path = Pods;
			sourceTree = "<group>";
		};
/* End PBXGroup section */

/* Begin PBXNativeTarget section */
		1E369E4B25B2039500EDE123 /* ten-thousand-timer */ = {
			isa = PBXNativeTarget;
			buildConfigurationList = 1E369E7625B2039900EDE123 /* Build configuration list for PBXNativeTarget "ten-thousand-timer" */;
			buildPhases = (
				45FE0C57E0517BDA39C7B43A /* [CP] Check Pods Manifest.lock */,
				1E369E4825B2039500EDE123 /* Sources */,
				1E369E4925B2039500EDE123 /* Frameworks */,
				1E369E4A25B2039500EDE123 /* Resources */,
			);
			buildRules = (
			);
			dependencies = (
			);
			name = "ten-thousand-timer";
			productName = "ten-thousand-timer";
			productReference = 1E369E4C25B2039500EDE123 /* ten-thousand-timer.app */;
			productType = "com.apple.product-type.application";
		};
		1E369E6125B2039900EDE123 /* ten-thousand-timerTests */ = {
			isa = PBXNativeTarget;
			buildConfigurationList = 1E369E7925B2039900EDE123 /* Build configuration list for PBXNativeTarget "ten-thousand-timerTests" */;
			buildPhases = (
				B36335A1580A41134A90E00B /* [CP] Check Pods Manifest.lock */,
				1E369E5E25B2039900EDE123 /* Sources */,
				1E369E5F25B2039900EDE123 /* Frameworks */,
				1E369E6025B2039900EDE123 /* Resources */,
			);
			buildRules = (
			);
			dependencies = (
				1E369E6425B2039900EDE123 /* PBXTargetDependency */,
			);
			name = "ten-thousand-timerTests";
			productName = "ten-thousand-timerTests";
			productReference = 1E369E6225B2039900EDE123 /* ten-thousand-timerTests.xctest */;
			productType = "com.apple.product-type.bundle.unit-test";
		};
		1E369E6C25B2039900EDE123 /* ten-thousand-timerUITests */ = {
			isa = PBXNativeTarget;
			buildConfigurationList = 1E369E7C25B2039900EDE123 /* Build configuration list for PBXNativeTarget "ten-thousand-timerUITests" */;
			buildPhases = (
				0A36B578552A5299A2179C55 /* [CP] Check Pods Manifest.lock */,
				1E369E6925B2039900EDE123 /* Sources */,
				1E369E6A25B2039900EDE123 /* Frameworks */,
				1E369E6B25B2039900EDE123 /* Resources */,
			);
			buildRules = (
			);
			dependencies = (
				1E369E6F25B2039900EDE123 /* PBXTargetDependency */,
			);
			name = "ten-thousand-timerUITests";
			productName = "ten-thousand-timerUITests";
			productReference = 1E369E6D25B2039900EDE123 /* ten-thousand-timerUITests.xctest */;
			productType = "com.apple.product-type.bundle.ui-testing";
		};
/* End PBXNativeTarget section */

/* Begin PBXProject section */
		1E369E4425B2039500EDE123 /* Project object */ = {
			isa = PBXProject;
			attributes = {
				LastSwiftUpdateCheck = 1230;
				LastUpgradeCheck = 1230;
				TargetAttributes = {
					1E369E4B25B2039500EDE123 = {
						CreatedOnToolsVersion = 12.3;
					};
					1E369E6125B2039900EDE123 = {
						CreatedOnToolsVersion = 12.3;
						TestTargetID = 1E369E4B25B2039500EDE123;
					};
					1E369E6C25B2039900EDE123 = {
						CreatedOnToolsVersion = 12.3;
						TestTargetID = 1E369E4B25B2039500EDE123;
					};
				};
			};
			buildConfigurationList = 1E369E4725B2039500EDE123 /* Build configuration list for PBXProject "ten-thousand-timer" */;
			compatibilityVersion = "Xcode 9.3";
			developmentRegion = en;
			hasScannedForEncodings = 0;
			knownRegions = (
				en,
				Base,
			);
			mainGroup = 1E369E4325B2039500EDE123;
			productRefGroup = 1E369E4D25B2039500EDE123 /* Products */;
			projectDirPath = "";
			projectRoot = "";
			targets = (
				1E369E4B25B2039500EDE123 /* ten-thousand-timer */,
				1E369E6125B2039900EDE123 /* ten-thousand-timerTests */,
				1E369E6C25B2039900EDE123 /* ten-thousand-timerUITests */,
			);
		};
/* End PBXProject section */

/* Begin PBXResourcesBuildPhase section */
		1E369E4A25B2039500EDE123 /* Resources */ = {
			isa = PBXResourcesBuildPhase;
			buildActionMask = 2147483647;
			files = (
				1E369E5C25B2039900EDE123 /* LaunchScreen.storyboard in Resources */,
				1E369E5925B2039900EDE123 /* Assets.xcassets in Resources */,
				1E369E5725B2039500EDE123 /* Main.storyboard in Resources */,
			);
			runOnlyForDeploymentPostprocessing = 0;
		};
		1E369E6025B2039900EDE123 /* Resources */ = {
			isa = PBXResourcesBuildPhase;
			buildActionMask = 2147483647;
			files = (
			);
			runOnlyForDeploymentPostprocessing = 0;
		};
		1E369E6B25B2039900EDE123 /* Resources */ = {
			isa = PBXResourcesBuildPhase;
			buildActionMask = 2147483647;
			files = (
			);
			runOnlyForDeploymentPostprocessing = 0;
		};
/* End PBXResourcesBuildPhase section */

/* Begin PBXShellScriptBuildPhase section */
		0A36B578552A5299A2179C55 /* [CP] Check Pods Manifest.lock */ = {
			isa = PBXShellScriptBuildPhase;
			buildActionMask = 2147483647;
			files = (
			);
			inputFileListPaths = (
			);
			inputPaths = (
				"${PODS_PODFILE_DIR_PATH}/Podfile.lock",
				"${PODS_ROOT}/Manifest.lock",
			);
			name = "[CP] Check Pods Manifest.lock";
			outputFileListPaths = (
			);
			outputPaths = (
				"$(DERIVED_FILE_DIR)/Pods-ten-thousand-timer-ten-thousand-timerUITests-checkManifestLockResult.txt",
			);
			runOnlyForDeploymentPostprocessing = 0;
			shellPath = /bin/sh;
			shellScript = "diff \"${PODS_PODFILE_DIR_PATH}/Podfile.lock\" \"${PODS_ROOT}/Manifest.lock\" > /dev/null\nif [ $? != 0 ] ; then\n    # print error to STDERR\n    echo \"error: The sandbox is not in sync with the Podfile.lock. Run 'pod install' or update your CocoaPods installation.\" >&2\n    exit 1\nfi\n# This output is used by Xcode 'outputs' to avoid re-running this script phase.\necho \"SUCCESS\" > \"${SCRIPT_OUTPUT_FILE_0}\"\n";
			showEnvVarsInLog = 0;
		};
		45FE0C57E0517BDA39C7B43A /* [CP] Check Pods Manifest.lock */ = {
			isa = PBXShellScriptBuildPhase;
			buildActionMask = 2147483647;
			files = (
			);
			inputFileListPaths = (
			);
			inputPaths = (
				"${PODS_PODFILE_DIR_PATH}/Podfile.lock",
				"${PODS_ROOT}/Manifest.lock",
			);
			name = "[CP] Check Pods Manifest.lock";
			outputFileListPaths = (
			);
			outputPaths = (
				"$(DERIVED_FILE_DIR)/Pods-ten-thousand-timer-checkManifestLockResult.txt",
			);
			runOnlyForDeploymentPostprocessing = 0;
			shellPath = /bin/sh;
			shellScript = "diff \"${PODS_PODFILE_DIR_PATH}/Podfile.lock\" \"${PODS_ROOT}/Manifest.lock\" > /dev/null\nif [ $? != 0 ] ; then\n    # print error to STDERR\n    echo \"error: The sandbox is not in sync with the Podfile.lock. Run 'pod install' or update your CocoaPods installation.\" >&2\n    exit 1\nfi\n# This output is used by Xcode 'outputs' to avoid re-running this script phase.\necho \"SUCCESS\" > \"${SCRIPT_OUTPUT_FILE_0}\"\n";
			showEnvVarsInLog = 0;
		};
		B36335A1580A41134A90E00B /* [CP] Check Pods Manifest.lock */ = {
			isa = PBXShellScriptBuildPhase;
			buildActionMask = 2147483647;
			files = (
			);
			inputFileListPaths = (
			);
			inputPaths = (
				"${PODS_PODFILE_DIR_PATH}/Podfile.lock",
				"${PODS_ROOT}/Manifest.lock",
			);
			name = "[CP] Check Pods Manifest.lock";
			outputFileListPaths = (
			);
			outputPaths = (
				"$(DERIVED_FILE_DIR)/Pods-ten-thousand-timerTests-checkManifestLockResult.txt",
			);
			runOnlyForDeploymentPostprocessing = 0;
			shellPath = /bin/sh;
			shellScript = "diff \"${PODS_PODFILE_DIR_PATH}/Podfile.lock\" \"${PODS_ROOT}/Manifest.lock\" > /dev/null\nif [ $? != 0 ] ; then\n    # print error to STDERR\n    echo \"error: The sandbox is not in sync with the Podfile.lock. Run 'pod install' or update your CocoaPods installation.\" >&2\n    exit 1\nfi\n# This output is used by Xcode 'outputs' to avoid re-running this script phase.\necho \"SUCCESS\" > \"${SCRIPT_OUTPUT_FILE_0}\"\n";
			showEnvVarsInLog = 0;
		};
/* End PBXShellScriptBuildPhase section */

/* Begin PBXSourcesBuildPhase section */
		1E369E4825B2039500EDE123 /* Sources */ = {
			isa = PBXSourcesBuildPhase;
			buildActionMask = 2147483647;
			files = (
				1E369E5025B2039500EDE123 /* AppDelegate.swift in Sources */,
				1EF62A0725B2D8C600333E61 /* TimerViewController.swift in Sources */,
				1E369E5225B2039500EDE123 /* SceneDelegate.swift in Sources */,
			);
			runOnlyForDeploymentPostprocessing = 0;
		};
		1E369E5E25B2039900EDE123 /* Sources */ = {
			isa = PBXSourcesBuildPhase;
			buildActionMask = 2147483647;
			files = (
				1E369E6725B2039900EDE123 /* ten_thousand_timerTests.swift in Sources */,
			);
			runOnlyForDeploymentPostprocessing = 0;
		};
		1E369E6925B2039900EDE123 /* Sources */ = {
			isa = PBXSourcesBuildPhase;
			buildActionMask = 2147483647;
			files = (
				1E369E7225B2039900EDE123 /* ten_thousand_timerUITests.swift in Sources */,
			);
			runOnlyForDeploymentPostprocessing = 0;
		};
/* End PBXSourcesBuildPhase section */

/* Begin PBXTargetDependency section */
		1E369E6425B2039900EDE123 /* PBXTargetDependency */ = {
			isa = PBXTargetDependency;
			target = 1E369E4B25B2039500EDE123 /* ten-thousand-timer */;
			targetProxy = 1E369E6325B2039900EDE123 /* PBXContainerItemProxy */;
		};
		1E369E6F25B2039900EDE123 /* PBXTargetDependency */ = {
			isa = PBXTargetDependency;
			target = 1E369E4B25B2039500EDE123 /* ten-thousand-timer */;
			targetProxy = 1E369E6E25B2039900EDE123 /* PBXContainerItemProxy */;
		};
/* End PBXTargetDependency section */

/* Begin PBXVariantGroup section */
		1E369E5525B2039500EDE123 /* Main.storyboard */ = {
			isa = PBXVariantGroup;
			children = (
				1E369E5625B2039500EDE123 /* Base */,
			);
			name = Main.storyboard;
			sourceTree = "<group>";
		};
		1E369E5A25B2039900EDE123 /* LaunchScreen.storyboard */ = {
			isa = PBXVariantGroup;
			children = (
				1E369E5B25B2039900EDE123 /* Base */,
			);
			name = LaunchScreen.storyboard;
			sourceTree = "<group>";
		};
/* End PBXVariantGroup section */

/* Begin XCBuildConfiguration section */
		1E369E7425B2039900EDE123 /* Debug */ = {
			isa = XCBuildConfiguration;
			buildSettings = {
				ALWAYS_SEARCH_USER_PATHS = NO;
				CLANG_ANALYZER_NONNULL = YES;
				CLANG_ANALYZER_NUMBER_OBJECT_CONVERSION = YES_AGGRESSIVE;
				CLANG_CXX_LANGUAGE_STANDARD = "gnu++14";
				CLANG_CXX_LIBRARY = "libc++";
				CLANG_ENABLE_MODULES = YES;
				CLANG_ENABLE_OBJC_ARC = YES;
				CLANG_ENABLE_OBJC_WEAK = YES;
				CLANG_WARN_BLOCK_CAPTURE_AUTORELEASING = YES;
				CLANG_WARN_BOOL_CONVERSION = YES;
				CLANG_WARN_COMMA = YES;
				CLANG_WARN_CONSTANT_CONVERSION = YES;
				CLANG_WARN_DEPRECATED_OBJC_IMPLEMENTATIONS = YES;
				CLANG_WARN_DIRECT_OBJC_ISA_USAGE = YES_ERROR;
				CLANG_WARN_DOCUMENTATION_COMMENTS = YES;
				CLANG_WARN_EMPTY_BODY = YES;
				CLANG_WARN_ENUM_CONVERSION = YES;
				CLANG_WARN_INFINITE_RECURSION = YES;
				CLANG_WARN_INT_CONVERSION = YES;
				CLANG_WARN_NON_LITERAL_NULL_CONVERSION = YES;
				CLANG_WARN_OBJC_IMPLICIT_RETAIN_SELF = YES;
				CLANG_WARN_OBJC_LITERAL_CONVERSION = YES;
				CLANG_WARN_OBJC_ROOT_CLASS = YES_ERROR;
				CLANG_WARN_QUOTED_INCLUDE_IN_FRAMEWORK_HEADER = YES;
				CLANG_WARN_RANGE_LOOP_ANALYSIS = YES;
				CLANG_WARN_STRICT_PROTOTYPES = YES;
				CLANG_WARN_SUSPICIOUS_MOVE = YES;
				CLANG_WARN_UNGUARDED_AVAILABILITY = YES_AGGRESSIVE;
				CLANG_WARN_UNREACHABLE_CODE = YES;
				CLANG_WARN__DUPLICATE_METHOD_MATCH = YES;
				COPY_PHASE_STRIP = NO;
				DEBUG_INFORMATION_FORMAT = dwarf;
				ENABLE_STRICT_OBJC_MSGSEND = YES;
				ENABLE_TESTABILITY = YES;
				GCC_C_LANGUAGE_STANDARD = gnu11;
				GCC_DYNAMIC_NO_PIC = NO;
				GCC_NO_COMMON_BLOCKS = YES;
				GCC_OPTIMIZATION_LEVEL = 0;
				GCC_PREPROCESSOR_DEFINITIONS = (
					"DEBUG=1",
					"$(inherited)",
				);
				GCC_WARN_64_TO_32_BIT_CONVERSION = YES;
				GCC_WARN_ABOUT_RETURN_TYPE = YES_ERROR;
				GCC_WARN_UNDECLARED_SELECTOR = YES;
				GCC_WARN_UNINITIALIZED_AUTOS = YES_AGGRESSIVE;
				GCC_WARN_UNUSED_FUNCTION = YES;
				GCC_WARN_UNUSED_VARIABLE = YES;
				IPHONEOS_DEPLOYMENT_TARGET = 14.3;
				MTL_ENABLE_DEBUG_INFO = INCLUDE_SOURCE;
				MTL_FAST_MATH = YES;
				ONLY_ACTIVE_ARCH = YES;
				SDKROOT = iphoneos;
				SWIFT_ACTIVE_COMPILATION_CONDITIONS = DEBUG;
				SWIFT_OPTIMIZATION_LEVEL = "-Onone";
			};
			name = Debug;
		};
		1E369E7525B2039900EDE123 /* Release */ = {
			isa = XCBuildConfiguration;
			buildSettings = {
				ALWAYS_SEARCH_USER_PATHS = NO;
				CLANG_ANALYZER_NONNULL = YES;
				CLANG_ANALYZER_NUMBER_OBJECT_CONVERSION = YES_AGGRESSIVE;
				CLANG_CXX_LANGUAGE_STANDARD = "gnu++14";
				CLANG_CXX_LIBRARY = "libc++";
				CLANG_ENABLE_MODULES = YES;
				CLANG_ENABLE_OBJC_ARC = YES;
				CLANG_ENABLE_OBJC_WEAK = YES;
				CLANG_WARN_BLOCK_CAPTURE_AUTORELEASING = YES;
				CLANG_WARN_BOOL_CONVERSION = YES;
				CLANG_WARN_COMMA = YES;
				CLANG_WARN_CONSTANT_CONVERSION = YES;
				CLANG_WARN_DEPRECATED_OBJC_IMPLEMENTATIONS = YES;
				CLANG_WARN_DIRECT_OBJC_ISA_USAGE = YES_ERROR;
				CLANG_WARN_DOCUMENTATION_COMMENTS = YES;
				CLANG_WARN_EMPTY_BODY = YES;
				CLANG_WARN_ENUM_CONVERSION = YES;
				CLANG_WARN_INFINITE_RECURSION = YES;
				CLANG_WARN_INT_CONVERSION = YES;
				CLANG_WARN_NON_LITERAL_NULL_CONVERSION = YES;
				CLANG_WARN_OBJC_IMPLICIT_RETAIN_SELF = YES;
				CLANG_WARN_OBJC_LITERAL_CONVERSION = YES;
				CLANG_WARN_OBJC_ROOT_CLASS = YES_ERROR;
				CLANG_WARN_QUOTED_INCLUDE_IN_FRAMEWORK_HEADER = YES;
				CLANG_WARN_RANGE_LOOP_ANALYSIS = YES;
				CLANG_WARN_STRICT_PROTOTYPES = YES;
				CLANG_WARN_SUSPICIOUS_MOVE = YES;
				CLANG_WARN_UNGUARDED_AVAILABILITY = YES_AGGRESSIVE;
				CLANG_WARN_UNREACHABLE_CODE = YES;
				CLANG_WARN__DUPLICATE_METHOD_MATCH = YES;
				COPY_PHASE_STRIP = NO;
				DEBUG_INFORMATION_FORMAT = "dwarf-with-dsym";
				ENABLE_NS_ASSERTIONS = NO;
				ENABLE_STRICT_OBJC_MSGSEND = YES;
				GCC_C_LANGUAGE_STANDARD = gnu11;
				GCC_NO_COMMON_BLOCKS = YES;
				GCC_WARN_64_TO_32_BIT_CONVERSION = YES;
				GCC_WARN_ABOUT_RETURN_TYPE = YES_ERROR;
				GCC_WARN_UNDECLARED_SELECTOR = YES;
				GCC_WARN_UNINITIALIZED_AUTOS = YES_AGGRESSIVE;
				GCC_WARN_UNUSED_FUNCTION = YES;
				GCC_WARN_UNUSED_VARIABLE = YES;
				IPHONEOS_DEPLOYMENT_TARGET = 14.3;
				MTL_ENABLE_DEBUG_INFO = NO;
				MTL_FAST_MATH = YES;
				SDKROOT = iphoneos;
				SWIFT_COMPILATION_MODE = wholemodule;
				SWIFT_OPTIMIZATION_LEVEL = "-O";
				VALIDATE_PRODUCT = YES;
			};
			name = Release;
		};
		1E369E7725B2039900EDE123 /* Debug */ = {
			isa = XCBuildConfiguration;
			baseConfigurationReference = CE69FCA5294F971143B5EACC /* Pods-ten-thousand-timer.debug.xcconfig */;
			buildSettings = {
				ASSETCATALOG_COMPILER_APPICON_NAME = AppIcon;
				ASSETCATALOG_COMPILER_GLOBAL_ACCENT_COLOR_NAME = AccentColor;
				CODE_SIGN_STYLE = Automatic;
				DEVELOPMENT_TEAM = L3QB6XD799;
				INFOPLIST_FILE = "ten-thousand-timer/Info.plist";
				LD_RUNPATH_SEARCH_PATHS = (
					"$(inherited)",
					"@executable_path/Frameworks",
				);
				PRODUCT_BUNDLE_IDENTIFIER = "com.HeijiHattori.ten-thousand-timer";
				PRODUCT_NAME = "$(TARGET_NAME)";
				SWIFT_VERSION = 5.0;
				TARGETED_DEVICE_FAMILY = "1,2";
			};
			name = Debug;
		};
		1E369E7825B2039900EDE123 /* Release */ = {
			isa = XCBuildConfiguration;
			baseConfigurationReference = 93ECABB3AF2F0F9F2093AF44 /* Pods-ten-thousand-timer.release.xcconfig */;
			buildSettings = {
				ASSETCATALOG_COMPILER_APPICON_NAME = AppIcon;
				ASSETCATALOG_COMPILER_GLOBAL_ACCENT_COLOR_NAME = AccentColor;
				CODE_SIGN_STYLE = Automatic;
				DEVELOPMENT_TEAM = L3QB6XD799;
				INFOPLIST_FILE = "ten-thousand-timer/Info.plist";
				LD_RUNPATH_SEARCH_PATHS = (
					"$(inherited)",
					"@executable_path/Frameworks",
				);
				PRODUCT_BUNDLE_IDENTIFIER = "com.HeijiHattori.ten-thousand-timer";
				PRODUCT_NAME = "$(TARGET_NAME)";
				SWIFT_VERSION = 5.0;
				TARGETED_DEVICE_FAMILY = "1,2";
			};
			name = Release;
		};
		1E369E7A25B2039900EDE123 /* Debug */ = {
			isa = XCBuildConfiguration;
			baseConfigurationReference = F64004640B34F6661CB7FF55 /* Pods-ten-thousand-timerTests.debug.xcconfig */;
			buildSettings = {
				ALWAYS_EMBED_SWIFT_STANDARD_LIBRARIES = YES;
				BUNDLE_LOADER = "$(TEST_HOST)";
				CODE_SIGN_STYLE = Automatic;
				DEVELOPMENT_TEAM = L3QB6XD799;
				INFOPLIST_FILE = "ten-thousand-timerTests/Info.plist";
				IPHONEOS_DEPLOYMENT_TARGET = 14.3;
				LD_RUNPATH_SEARCH_PATHS = (
					"$(inherited)",
					"@executable_path/Frameworks",
					"@loader_path/Frameworks",
				);
				PRODUCT_BUNDLE_IDENTIFIER = "com.HeijiHattori.ten-thousand-timerTests";
				PRODUCT_NAME = "$(TARGET_NAME)";
				SWIFT_VERSION = 5.0;
				TARGETED_DEVICE_FAMILY = "1,2";
				TEST_HOST = "$(BUILT_PRODUCTS_DIR)/ten-thousand-timer.app/ten-thousand-timer";
			};
			name = Debug;
		};
		1E369E7B25B2039900EDE123 /* Release */ = {
			isa = XCBuildConfiguration;
			baseConfigurationReference = 2001D9A51361BC79DE5AF459 /* Pods-ten-thousand-timerTests.release.xcconfig */;
			buildSettings = {
				ALWAYS_EMBED_SWIFT_STANDARD_LIBRARIES = YES;
				BUNDLE_LOADER = "$(TEST_HOST)";
				CODE_SIGN_STYLE = Automatic;
				DEVELOPMENT_TEAM = L3QB6XD799;
				INFOPLIST_FILE = "ten-thousand-timerTests/Info.plist";
				IPHONEOS_DEPLOYMENT_TARGET = 14.3;
				LD_RUNPATH_SEARCH_PATHS = (
					"$(inherited)",
					"@executable_path/Frameworks",
					"@loader_path/Frameworks",
				);
				PRODUCT_BUNDLE_IDENTIFIER = "com.HeijiHattori.ten-thousand-timerTests";
				PRODUCT_NAME = "$(TARGET_NAME)";
				SWIFT_VERSION = 5.0;
				TARGETED_DEVICE_FAMILY = "1,2";
				TEST_HOST = "$(BUILT_PRODUCTS_DIR)/ten-thousand-timer.app/ten-thousand-timer";
			};
			name = Release;
		};
		1E369E7D25B2039900EDE123 /* Debug */ = {
			isa = XCBuildConfiguration;
			baseConfigurationReference = 039C48514DB9B10B803262E0 /* Pods-ten-thousand-timer-ten-thousand-timerUITests.debug.xcconfig */;
			buildSettings = {
				ALWAYS_EMBED_SWIFT_STANDARD_LIBRARIES = YES;
				CODE_SIGN_STYLE = Automatic;
				DEVELOPMENT_TEAM = L3QB6XD799;
				INFOPLIST_FILE = "ten-thousand-timerUITests/Info.plist";
				LD_RUNPATH_SEARCH_PATHS = (
					"$(inherited)",
					"@executable_path/Frameworks",
					"@loader_path/Frameworks",
				);
				PRODUCT_BUNDLE_IDENTIFIER = "com.HeijiHattori.ten-thousand-timerUITests";
				PRODUCT_NAME = "$(TARGET_NAME)";
				SWIFT_VERSION = 5.0;
				TARGETED_DEVICE_FAMILY = "1,2";
				TEST_TARGET_NAME = "ten-thousand-timer";
			};
			name = Debug;
		};
		1E369E7E25B2039900EDE123 /* Release */ = {
			isa = XCBuildConfiguration;
			baseConfigurationReference = A318225B82703832548D4CFA /* Pods-ten-thousand-timer-ten-thousand-timerUITests.release.xcconfig */;
			buildSettings = {
				ALWAYS_EMBED_SWIFT_STANDARD_LIBRARIES = YES;
				CODE_SIGN_STYLE = Automatic;
				DEVELOPMENT_TEAM = L3QB6XD799;
				INFOPLIST_FILE = "ten-thousand-timerUITests/Info.plist";
				LD_RUNPATH_SEARCH_PATHS = (
					"$(inherited)",
					"@executable_path/Frameworks",
					"@loader_path/Frameworks",
				);
				PRODUCT_BUNDLE_IDENTIFIER = "com.HeijiHattori.ten-thousand-timerUITests";
				PRODUCT_NAME = "$(TARGET_NAME)";
				SWIFT_VERSION = 5.0;
				TARGETED_DEVICE_FAMILY = "1,2";
				TEST_TARGET_NAME = "ten-thousand-timer";
			};
			name = Release;
		};
/* End XCBuildConfiguration section */

/* Begin XCConfigurationList section */
		1E369E4725B2039500EDE123 /* Build configuration list for PBXProject "ten-thousand-timer" */ = {
			isa = XCConfigurationList;
			buildConfigurations = (
				1E369E7425B2039900EDE123 /* Debug */,
				1E369E7525B2039900EDE123 /* Release */,
			);
			defaultConfigurationIsVisible = 0;
			defaultConfigurationName = Release;
		};
		1E369E7625B2039900EDE123 /* Build configuration list for PBXNativeTarget "ten-thousand-timer" */ = {
			isa = XCConfigurationList;
			buildConfigurations = (
				1E369E7725B2039900EDE123 /* Debug */,
				1E369E7825B2039900EDE123 /* Release */,
			);
			defaultConfigurationIsVisible = 0;
			defaultConfigurationName = Release;
		};
		1E369E7925B2039900EDE123 /* Build configuration list for PBXNativeTarget "ten-thousand-timerTests" */ = {
			isa = XCConfigurationList;
			buildConfigurations = (
				1E369E7A25B2039900EDE123 /* Debug */,
				1E369E7B25B2039900EDE123 /* Release */,
			);
			defaultConfigurationIsVisible = 0;
			defaultConfigurationName = Release;
		};
		1E369E7C25B2039900EDE123 /* Build configuration list for PBXNativeTarget "ten-thousand-timerUITests" */ = {
			isa = XCConfigurationList;
			buildConfigurations = (
				1E369E7D25B2039900EDE123 /* Debug */,
				1E369E7E25B2039900EDE123 /* Release */,
			);
			defaultConfigurationIsVisible = 0;
			defaultConfigurationName = Release;
		};
/* End XCConfigurationList section */
	};
	rootObject = 1E369E4425B2039500EDE123 /* Project object */;
}
